{
    "_readme": [
        "This file locks the dependencies of your project to a known state",
        "Read more about it at https://getcomposer.org/doc/01-basic-usage.md#composer-lock-the-lock-file",
        "This file is @generated automatically"
    ],
    "hash": "b0393aed64cd3b8735c784937ceece67",
    "content-hash": "a716f5a154225a4fdf20d385ce085222",
    "packages": [
        {
            "name": "setasign/fpdf",
            "version": "1.8.1",
            "source": {
                "type": "git",
                "url": "https://github.com/Setasign/FPDF.git",
                "reference": "2c68c9e6c034ac3187d25968790139a73184cdb1"
            },
            "dist": {
                "type": "zip",
                "url": "https://api.github.com/repos/Setasign/FPDF/zipball/2c68c9e6c034ac3187d25968790139a73184cdb1",
                "reference": "2c68c9e6c034ac3187d25968790139a73184cdb1",
                "shasum": ""
            },
            "type": "library",
            "autoload": {
                "classmap": [
                    "fpdf.php"
                ]
            },
            "notification-url": "https://packagist.org/downloads/",
            "license": [
                "no usage restriction"
            ],
            "authors": [
                {
                    "name": "Olivier Plathey",
                    "email": "oliver@fpdf.org",
                    "homepage": "http://fpdf.org/"
                }
            ],
            "description": "FPDF is a PHP class which allows to generate PDF files with pure PHP. F from FPDF stands for Free: you may use it for any kind of usage and modify it to suit your needs.",
            "homepage": "http://www.fpdf.org",
            "keywords": [
                "fpdf",
                "pdf"
            ],
            "time": "2016-01-01 17:47:15"
        },
        {
            "name": "smottt/wideimage",
            "version": "1.1.2",
            "source": {
                "type": "git",
                "url": "https://github.com/smottt/WideImage.git",
                "reference": "9235ee96b5cdbc83a4c3ab7b51ce2fdd82c561ca"
            },
            "dist": {
                "type": "zip",
                "url": "https://api.github.com/repos/smottt/WideImage/zipball/9235ee96b5cdbc83a4c3ab7b51ce2fdd82c561ca",
                "reference": "9235ee96b5cdbc83a4c3ab7b51ce2fdd82c561ca",
                "shasum": ""
            },
            "require": {
                "php": ">=5.3"
            },
            "require-dev": {
                "phpunit/phpunit": "~4.8"
            },
            "type": "library",
            "autoload": {
                "psr-0": {
                    "WideImage": "lib/"
                }
            },
            "notification-url": "https://packagist.org/downloads/",
            "license": [
                "GPL-2.0",
                "LGPL-2.1"
            ],
            "description": "An open-source PHP library for image manipulation. (With namespaces, PHP 5.3+)",
            "homepage": "http://wideimage.sourceforge.net",
            "time": "2016-05-16 20:00:28"
        }
    ],
    "packages-dev": [],
    "aliases": [],
    "minimum-stability": "stable",
    "stability-flags": [],
    "prefer-stable": false,
    "prefer-lowest": false,
    "platform": [],
    "platform-dev": []
}
